
Microsoft Visual Studio Solution File, Format Version 12.00
# Visual Studio Version 16
VisualStudioVersion = 16.0.29613.14
MinimumVisualStudioVersion = 10.0.40219.1
Project("{FAE04EC0-301F-11D3-BF4B-00C04F79EFBC}") = "Mod1_Lab1", "Mod1_Lab1\Mod1_Lab1.csproj", "{58A71705-2C47-4D50-97E8-A990F8072419}"
EndProject
Global
	GlobalSection(SolutionConfigurationPlatforms) = preSolution
		Debug|Any CPU = Debug|Any CPU
		Release|Any CPU = Release|Any CPU
	EndGlobalSection
	GlobalSection(ProjectConfigurationPlatforms) = postSolution
		{58A71705-2C47-4D50-97E8-A990F8072419}.Debug|Any CPU.ActiveCfg = Debug|Any CPU
		{58A71705-2C47-4D50-97E8-A990F8072419}.Debug|Any CPU.Build.0 = Debug|Any CPU
		{58A71705-2C47-4D50-97E8-A990F8072419}.Release|Any CPU.ActiveCfg = Release|Any CPU
		{58A71705-2C47-4D50-97E8-A990F8072419}.Release|Any CPU.Build.0 = Release|Any CPU
	EndGlobalSection
	GlobalSection(SolutionProperties) = preSolution
		HideSolutionNode = FALSE
	EndGlobalSection
	GlobalSection(ExtensibilityGlobals) = postSolution
		SolutionGuid = {0B30658F-E1B8-4422-AD7E-DA2DD6330D5E}
	EndGlobalSection
EndGlobal
