
Microsoft Visual Studio Solution File, Format Version 12.00
# Visual Studio Version 16
VisualStudioVersion = 16.0.29613.14
MinimumVisualStudioVersion = 10.0.40219.1
Project("{FAE04EC0-301F-11D3-BF4B-00C04F79EFBC}") = "Mod1_Lab2", "Mod1_Lab2\Mod1_Lab2.csproj", "{6C57FA44-AC6A-414C-8722-EE139B1DFD37}"
EndProject
Global
	GlobalSection(SolutionConfigurationPlatforms) = preSolution
		Debug|Any CPU = Debug|Any CPU
		Release|Any CPU = Release|Any CPU
	EndGlobalSection
	GlobalSection(ProjectConfigurationPlatforms) = postSolution
		{6C57FA44-AC6A-414C-8722-EE139B1DFD37}.Debug|Any CPU.ActiveCfg = Debug|Any CPU
		{6C57FA44-AC6A-414C-8722-EE139B1DFD37}.Debug|Any CPU.Build.0 = Debug|Any CPU
		{6C57FA44-AC6A-414C-8722-EE139B1DFD37}.Release|Any CPU.ActiveCfg = Release|Any CPU
		{6C57FA44-AC6A-414C-8722-EE139B1DFD37}.Release|Any CPU.Build.0 = Release|Any CPU
	EndGlobalSection
	GlobalSection(SolutionProperties) = preSolution
		HideSolutionNode = FALSE
	EndGlobalSection
	GlobalSection(ExtensibilityGlobals) = postSolution
		SolutionGuid = {37182415-A742-4F69-90FD-A5CB06E70523}
	EndGlobalSection
EndGlobal
