
Microsoft Visual Studio Solution File, Format Version 12.00
# Visual Studio Version 16
VisualStudioVersion = 16.0.29613.14
MinimumVisualStudioVersion = 10.0.40219.1
Project("{FAE04EC0-301F-11D3-BF4B-00C04F79EFBC}") = "Mod3_Lab2", "Mod3_Lab2\Mod3_Lab2.csproj", "{9259017E-230A-408B-9E52-78C4368C2C4A}"
EndProject
Global
	GlobalSection(SolutionConfigurationPlatforms) = preSolution
		Debug|Any CPU = Debug|Any CPU
		Release|Any CPU = Release|Any CPU
	EndGlobalSection
	GlobalSection(ProjectConfigurationPlatforms) = postSolution
		{9259017E-230A-408B-9E52-78C4368C2C4A}.Debug|Any CPU.ActiveCfg = Debug|Any CPU
		{9259017E-230A-408B-9E52-78C4368C2C4A}.Debug|Any CPU.Build.0 = Debug|Any CPU
		{9259017E-230A-408B-9E52-78C4368C2C4A}.Release|Any CPU.ActiveCfg = Release|Any CPU
		{9259017E-230A-408B-9E52-78C4368C2C4A}.Release|Any CPU.Build.0 = Release|Any CPU
	EndGlobalSection
	GlobalSection(SolutionProperties) = preSolution
		HideSolutionNode = FALSE
	EndGlobalSection
	GlobalSection(ExtensibilityGlobals) = postSolution
		SolutionGuid = {710F3B8E-F17E-4C14-9031-859F8F0C2489}
	EndGlobalSection
EndGlobal
