
Microsoft Visual Studio Solution File, Format Version 12.00
# Visual Studio Version 16
VisualStudioVersion = 16.0.29613.14
MinimumVisualStudioVersion = 10.0.40219.1
Project("{FAE04EC0-301F-11D3-BF4B-00C04F79EFBC}") = "Mod3_Lab1", "Mod3_Lab1\Mod3_Lab1.csproj", "{77875C47-79FF-4D0E-8C5E-56A38AA40E47}"
EndProject
Global
	GlobalSection(SolutionConfigurationPlatforms) = preSolution
		Debug|Any CPU = Debug|Any CPU
		Release|Any CPU = Release|Any CPU
	EndGlobalSection
	GlobalSection(ProjectConfigurationPlatforms) = postSolution
		{77875C47-79FF-4D0E-8C5E-56A38AA40E47}.Debug|Any CPU.ActiveCfg = Debug|Any CPU
		{77875C47-79FF-4D0E-8C5E-56A38AA40E47}.Debug|Any CPU.Build.0 = Debug|Any CPU
		{77875C47-79FF-4D0E-8C5E-56A38AA40E47}.Release|Any CPU.ActiveCfg = Release|Any CPU
		{77875C47-79FF-4D0E-8C5E-56A38AA40E47}.Release|Any CPU.Build.0 = Release|Any CPU
	EndGlobalSection
	GlobalSection(SolutionProperties) = preSolution
		HideSolutionNode = FALSE
	EndGlobalSection
	GlobalSection(ExtensibilityGlobals) = postSolution
		SolutionGuid = {A23C92B0-2478-4EAB-9BDD-B71E0F4EB0EE}
	EndGlobalSection
EndGlobal
